
Microsoft Visual Studio Solution File, Format Version 12.00
# Visual Studio 14
VisualStudioVersion = 14.0.24720.0
MinimumVisualStudioVersion = 10.0.40219.1
Project("{FAE04EC0-301F-11D3-BF4B-00C04F79EFBC}") = "SenseNet.Demo", "SenseNet.Demo\SenseNet.Demo.csproj", "{468FD65D-AE16-469E-8954-933A45EE20EB}"
EndProject
Project("{2150E333-8FDC-42A3-9474-1A3956D46DE8}") = "Solution items", "Solution items", "{65705BC0-B64C-4A34-B2F4-238E95B9394B}"
	ProjectSection(SolutionItems) = preProject
		snadmin\install-demo\manifest.xml = snadmin\install-demo\manifest.xml
	EndProjectSection
EndProject
Global
	GlobalSection(SolutionConfigurationPlatforms) = preSolution
		Debug|Any CPU = Debug|Any CPU
		Release|Any CPU = Release|Any CPU
	EndGlobalSection
	GlobalSection(ProjectConfigurationPlatforms) = postSolution
		{468FD65D-AE16-469E-8954-933A45EE20EB}.Debug|Any CPU.ActiveCfg = Debug|Any CPU
		{468FD65D-AE16-469E-8954-933A45EE20EB}.Debug|Any CPU.Build.0 = Debug|Any CPU
		{468FD65D-AE16-469E-8954-933A45EE20EB}.Release|Any CPU.ActiveCfg = Release|Any CPU
		{468FD65D-AE16-469E-8954-933A45EE20EB}.Release|Any CPU.Build.0 = Release|Any CPU
	EndGlobalSection
	GlobalSection(SolutionProperties) = preSolution
		HideSolutionNode = FALSE
	EndGlobalSection
EndGlobal
